<?xml version="1.0" encoding="UTF-8" standalone="yes" ?>
<CodeBlocks_project_file>
	<FileVersion major="1" minor="6" />
	<Project>
		<Option title="TP1" />
		<Option pch_mode="2" />
		<Option compiler="gcc" />
		<Build>
			<Target title="Debug">
				<Option output="bin/Debug/TP1" prefix_auto="1" extension_auto="1" />
				<Option object_output="obj/Debug/" />
				<Option type="1" />
				<Option compiler="gcc" />
				<Compiler>
					<Add option="-g" />
				</Compiler>
			</Target>
			<Target title="Release">
				<Option output="bin/Release/TP1" prefix_auto="1" extension_auto="1" />
				<Option object_output="obj/Release/" />
				<Option type="1" />
				<Option compiler="gcc" />
				<Compiler>
					<Add option="-O2" />
				</Compiler>
				<Linker>
					<Add option="-s" />
				</Linker>
			</Target>
			<Target title="Testes">
				<Option output="bin/Testes/TestesDominios" prefix_auto="1" extension_auto="1" />
				<Option object_output="obj/Testes/" />
				<Option type="1" />
				<Option compiler="gcc" />
				<Compiler>
					<Add option="-Wall" />
					<Add option="-g" />
				</Compiler>
			</Target>
		</Build>
		<Compiler>
			<Add option="-Wall" />
			<Add option="-fexceptions" />
			<Add directory="C:/Users/victo/TP1/apresentacao" />
			<Add directory="C:/Users/victo/TP1/dominios" />
			<Add directory="C:/Users/victo/TP1/entidades" />
			<Add directory="C:/Users/victo/TP1/interfaces" />
			<Add directory="C:/Users/victo/TP1/servico" />
			<Add directory="C:/Users/victo/TP1/testes" />
		</Compiler>
		<Linker>
			<Add option="-static-libgcc -static-libstdc++" />
		</Linker>
		<Unit filename="dominios/Email.cpp" />
		<Unit filename="dominios/Email.hpp" />
		<Unit filename="dominios/Estado.cpp" />
		<Unit filename="dominios/Estado.hpp" />
		<Unit filename="dominios/Identificador.cpp" />
		<Unit filename="dominios/Identificador.hpp" />
		<Unit filename="dominios/Limite.cpp" />
		<Unit filename="dominios/Limite.hpp" />
		<Unit filename="dominios/Papel.cpp" />
		<Unit filename="dominios/Papel.hpp" />
		<Unit filename="dominios/Prioridade.cpp" />
		<Unit filename="dominios/Prioridade.hpp" />
		<Unit filename="dominios/Senha.cpp" />
		<Unit filename="dominios/Senha.hpp" />
		<Unit filename="dominios/Tamanho.cpp" />
		<Unit filename="dominios/Tamanho.hpp" />
		<Unit filename="main.cpp">
			<Option target="Debug;Release" />
		</Unit>
		<Unit filename="testes/TestesDominios.cpp">
			<Option target="Testes" />
		</Unit>
		<Extensions>
			<lib_finder disable_auto="1" />
		</Extensions>
	</Project>
</CodeBlocks_project_file>
